<?xml version="1.0" encoding="utf-8"?>
<Project ToolsVersion="4.0" xmlns="http://schemas.microsoft.com/developer/msbuild/2003">
  <ItemGroup>
    <Filter Include="ソース ファイル">
      <UniqueIdentifier>{4FC737F1-C7A5-4376-A066-2A32D752A2FF}</UniqueIdentifier>
      <Extensions>cpp;c;cc;cxx;def;odl;idl;hpj;bat;asm;asmx</Extensions>
    </Filter>
    <Filter Include="ヘッダー ファイル">
      <UniqueIdentifier>{93995380-89BD-4b04-88EB-625FBE52EBFB}</UniqueIdentifier>
      <Extensions>h;hh;hpp;hxx;hm;inl;inc;ipp;xsd</Extensions>
    </Filter>
    <Filter Include="リソース ファイル">
      <UniqueIdentifier>{67DA6AB6-F800-4c08-8B7A-83BB121AAD01}</UniqueIdentifier>
      <Extensions>rc;ico;cur;bmp;dlg;rc2;rct;bin;rgs;gif;jpg;jpeg;jpe;resx;tiff;tif;png;wav;mfcribbon-ms</Extensions>
    </Filter>
    <Filter Include="ソース ファイル\StageSelect">
      <UniqueIdentifier>{aad5ad1e-60a9-4943-a9b7-aa31e2b5fd4d}</UniqueIdentifier>
    </Filter>
    <Filter Include="ソース ファイル\GameMain">
      <UniqueIdentifier>{814c519b-8025-4f9f-86d6-25fffb10a63c}</UniqueIdentifier>
    </Filter>
    <Filter Include="ソース ファイル\StageClear%28仮%29">
      <UniqueIdentifier>{7ee38b17-8d2e-442f-98b9-7f7ccbb0798d}</UniqueIdentifier>
    </Filter>
  </ItemGroup>
  <ItemGroup>
    <ClInclude Include="GameHead.h">
      <Filter>ヘッダー ファイル</Filter>
    </ClInclude>
    <ClInclude Include="GameL\Audio.h">
      <Filter>リソース ファイル</Filter>
    </ClInclude>
    <ClInclude Include="GameL\DirectXDevice.h">
      <Filter>リソース ファイル</Filter>
    </ClInclude>
    <ClInclude Include="GameL\DrawFont.h">
      <Filter>リソース ファイル</Filter>
    </ClInclude>
    <ClInclude Include="GameL\DrawTexture.h">
      <Filter>リソース ファイル</Filter>
    </ClInclude>
    <ClInclude Include="GameL\HitBoxManager.h">
      <Filter>リソース ファイル</Filter>
    </ClInclude>
    <ClInclude Include="GameL\MultiThread.h">
      <Filter>リソース ファイル</Filter>
    </ClInclude>
    <ClInclude Include="GameL\SceneManager.h">
      <Filter>リソース ファイル</Filter>
    </ClInclude>
    <ClInclude Include="GameL\SceneObjManager.h">
      <Filter>リソース ファイル</Filter>
    </ClInclude>
    <ClInclude Include="GameL\SetWindow.h">
      <Filter>リソース ファイル</Filter>
    </ClInclude>
    <ClInclude Include="GameL\UserData.h">
      <Filter>リソース ファイル</Filter>
    </ClInclude>
    <ClInclude Include="GameL\WinInputs.h">
      <Filter>リソース ファイル</Filter>
    </ClInclude>
    <ClInclude Include="SceneStageSelect.h">
      <Filter>ソース ファイル\StageSelect</Filter>
    </ClInclude>
    <ClInclude Include="ObjStageSelect.h">
      <Filter>ソース ファイル\StageSelect</Filter>
    </ClInclude>
    <ClInclude Include="main.h">
      <Filter>ヘッダー ファイル</Filter>
    </ClInclude>
    <ClInclude Include="テンプレート.h">
      <Filter>ソース ファイル</Filter>
    </ClInclude>
    <ClInclude Include="SceneGameMain.h">
      <Filter>ソース ファイル\GameMain</Filter>
    </ClInclude>
    <ClInclude Include="ObjStage.h">
      <Filter>ソース ファイル\GameMain</Filter>
    </ClInclude>
    <ClInclude Include="ObjHero.h">
      <Filter>ソース ファイル\GameMain</Filter>
    </ClInclude>
    <ClInclude Include="ObjEnemy.h">
      <Filter>ソース ファイル\GameMain</Filter>
    </ClInclude>
    <ClInclude Include="ObjFire.h">
      <Filter>ソース ファイル\GameMain</Filter>
    </ClInclude>
    <ClInclude Include="SceneClear.h">
      <Filter>ソース ファイル\StageClear%28仮%29</Filter>
    </ClInclude>
    <ClInclude Include="ObjClear.h">
      <Filter>ソース ファイル\StageClear%28仮%29</Filter>
    </ClInclude>
    <ClInclude Include="シーンテンプレ.h">
      <Filter>ソース ファイル</Filter>
    </ClInclude>
    <ClInclude Include="ObjPose.h">
      <Filter>ソース ファイル\GameMain</Filter>
    </ClInclude>
    <ClInclude Include="ObjTitle.h">
      <Filter>ソース ファイル</Filter>
    </ClInclude>
    <ClInclude Include="SceneTitle.h">
      <Filter>ソース ファイル</Filter>
    </ClInclude>
    <ClInclude Include="ObjCloud.h">
      <Filter>ソース ファイル\GameMain</Filter>
    </ClInclude>
  </ItemGroup>
  <ItemGroup>
    <ClCompile Include="GameL\Audio.cpp">
      <Filter>リソース ファイル</Filter>
    </ClCompile>
    <ClCompile Include="GameL\DirectXDevice.cpp">
      <Filter>リソース ファイル</Filter>
    </ClCompile>
    <ClCompile Include="GameL\Draw2DTex_Source.cpp">
      <Filter>リソース ファイル</Filter>
    </ClCompile>
    <ClCompile Include="GameL\DrawFont.cpp">
      <Filter>リソース ファイル</Filter>
    </ClCompile>
    <ClCompile Include="GameL\DrawTexture.cpp">
      <Filter>リソース ファイル</Filter>
    </ClCompile>
    <ClCompile Include="GameL\GameL_Main.cpp">
      <Filter>リソース ファイル</Filter>
    </ClCompile>
    <ClCompile Include="GameL\HitBoxManager.cpp">
      <Filter>リソース ファイル</Filter>
    </ClCompile>
    <ClCompile Include="GameL\MultiThread.cpp">
      <Filter>リソース ファイル</Filter>
    </ClCompile>
    <ClCompile Include="GameL\SceneManager.cpp">
      <Filter>リソース ファイル</Filter>
    </ClCompile>
    <ClCompile Include="GameL\SceneObjManager.cpp">
      <Filter>リソース ファイル</Filter>
    </ClCompile>
    <ClCompile Include="GameL\SetWindow.cpp">
      <Filter>リソース ファイル</Filter>
    </ClCompile>
    <ClCompile Include="GameL\UserData.cpp">
      <Filter>リソース ファイル</Filter>
    </ClCompile>
    <ClCompile Include="GameL\WinInputs.cpp">
      <Filter>リソース ファイル</Filter>
    </ClCompile>
    <ClCompile Include="SceneStageSelect.cpp">
      <Filter>ソース ファイル\StageSelect</Filter>
    </ClCompile>
    <ClCompile Include="ObjStageSelect.cpp">
      <Filter>ソース ファイル\StageSelect</Filter>
    </ClCompile>
    <ClCompile Include="テンプレート.cpp">
      <Filter>ソース ファイル</Filter>
    </ClCompile>
    <ClCompile Include="SceneGameMain.cpp">
      <Filter>ソース ファイル\GameMain</Filter>
    </ClCompile>
    <ClCompile Include="ObjStage.cpp">
      <Filter>ソース ファイル\GameMain</Filter>
    </ClCompile>
    <ClCompile Include="ObjHero.cpp">
      <Filter>ソース ファイル\GameMain</Filter>
    </ClCompile>
    <ClCompile Include="ObjEnemy.cpp">
      <Filter>ソース ファイル\GameMain</Filter>
    </ClCompile>
    <ClCompile Include="ObjFire.cpp">
      <Filter>ソース ファイル\GameMain</Filter>
    </ClCompile>
    <ClCompile Include="SceneClear.cpp">
      <Filter>ソース ファイル\StageClear%28仮%29</Filter>
    </ClCompile>
    <ClCompile Include="ObjClear.cpp">
      <Filter>ソース ファイル\StageClear%28仮%29</Filter>
    </ClCompile>
    <ClCompile Include="シーンテンプレ.cpp">
      <Filter>ソース ファイル</Filter>
    </ClCompile>
    <ClCompile Include="ObjPose.cpp">
      <Filter>ソース ファイル\GameMain</Filter>
    </ClCompile>
    <ClCompile Include="ObjTitle.cpp">
      <Filter>ソース ファイル</Filter>
    </ClCompile>
    <ClCompile Include="SceneTitle.cpp">
      <Filter>ソース ファイル</Filter>
    </ClCompile>
    <ClCompile Include="ObjCloud.cpp">
      <Filter>ソース ファイル\GameMain</Filter>
    </ClCompile>
  </ItemGroup>
</Project>